
Microsoft Visual Studio Solution File, Format Version 12.00
# Visual Studio Version 16
VisualStudioVersion = 16.0.33927.289
MinimumVisualStudioVersion = 10.0.40219.1
Project("{2150E333-8FDC-42A3-9474-1A3956D46DE8}") = "Task0", "Task0", "{B46CADA2-8ADF-4345-93F9-55E1A2BF4E84}"
EndProject
Project("{FAE04EC0-301F-11D3-BF4B-00C04F79EFBC}") = "Tyuiu.IvanchikovDA.Sprint4.Task0.V20", "Tyuiu.IvanchikovDA.Sprint4.Task0.V20\Tyuiu.IvanchikovDA.Sprint4.Task0.V20.csproj", "{AE9DD82E-603E-4D2D-BD2C-1CB2762AE23D}"
EndProject
Project("{FAE04EC0-301F-11D3-BF4B-00C04F79EFBC}") = "Tyuiu.IvanchikovDA.Sprint4.Task0.V20.Lib", "Tyuiu.IvanchikovDA.Sprint4.Task0.V20.Lib\Tyuiu.IvanchikovDA.Sprint4.Task0.V20.Lib.csproj", "{7AC55E4E-F45E-466F-A08C-563888FBC0E2}"
EndProject
Project("{FAE04EC0-301F-11D3-BF4B-00C04F79EFBC}") = "Tyuiu.IvanchikovDA.Sprint4.Task0.V20.Test", "Tyuiu.IvanchikovDA.Sprint4.Task0.V20.Test\Tyuiu.IvanchikovDA.Sprint4.Task0.V20.Test.csproj", "{CB1BD59B-8D4C-4821-AB45-61579E049077}"
EndProject
Project("{2150E333-8FDC-42A3-9474-1A3956D46DE8}") = "Task1", "Task1", "{A0D0FD3F-27E2-46A8-9652-E7920263FFD7}"
EndProject
Project("{FAE04EC0-301F-11D3-BF4B-00C04F79EFBC}") = "Tyuiu.IvanchikovDA.Sprint4.Task1.V15", "Tyuiu.IvanchikovDA.Sprint4.Task1.V15\Tyuiu.IvanchikovDA.Sprint4.Task1.V15.csproj", "{783E43DA-A0E9-413C-8677-D16B89C42CE0}"
EndProject
Project("{FAE04EC0-301F-11D3-BF4B-00C04F79EFBC}") = "Tyuiu.IvanchikovDA.Sprint4.Task1.V15.Lib", "Tyuiu.IvanchikovDA.Sprint4.Task1.V15.Lib\Tyuiu.IvanchikovDA.Sprint4.Task1.V15.Lib.csproj", "{65C81D54-23CD-4AF5-BF22-722AB6E8D91A}"
EndProject
Project("{FAE04EC0-301F-11D3-BF4B-00C04F79EFBC}") = "Tyuiu.IvanchikovDA.Sprint4.Task1.V15.Test", "Tyuiu.IvanchikovDA.Sprint4.Task1.V15.Test\Tyuiu.IvanchikovDA.Sprint4.Task1.V15.Test.csproj", "{94E49FB2-F316-4C2C-A02B-E1BD199072D7}"
EndProject
Global
	GlobalSection(SolutionConfigurationPlatforms) = preSolution
		Debug|Any CPU = Debug|Any CPU
		Release|Any CPU = Release|Any CPU
	EndGlobalSection
	GlobalSection(ProjectConfigurationPlatforms) = postSolution
		{AE9DD82E-603E-4D2D-BD2C-1CB2762AE23D}.Debug|Any CPU.ActiveCfg = Debug|Any CPU
		{AE9DD82E-603E-4D2D-BD2C-1CB2762AE23D}.Debug|Any CPU.Build.0 = Debug|Any CPU
		{AE9DD82E-603E-4D2D-BD2C-1CB2762AE23D}.Release|Any CPU.ActiveCfg = Release|Any CPU
		{AE9DD82E-603E-4D2D-BD2C-1CB2762AE23D}.Release|Any CPU.Build.0 = Release|Any CPU
		{7AC55E4E-F45E-466F-A08C-563888FBC0E2}.Debug|Any CPU.ActiveCfg = Debug|Any CPU
		{7AC55E4E-F45E-466F-A08C-563888FBC0E2}.Debug|Any CPU.Build.0 = Debug|Any CPU
		{7AC55E4E-F45E-466F-A08C-563888FBC0E2}.Release|Any CPU.ActiveCfg = Release|Any CPU
		{7AC55E4E-F45E-466F-A08C-563888FBC0E2}.Release|Any CPU.Build.0 = Release|Any CPU
		{CB1BD59B-8D4C-4821-AB45-61579E049077}.Debug|Any CPU.ActiveCfg = Debug|Any CPU
		{CB1BD59B-8D4C-4821-AB45-61579E049077}.Debug|Any CPU.Build.0 = Debug|Any CPU
		{CB1BD59B-8D4C-4821-AB45-61579E049077}.Release|Any CPU.ActiveCfg = Release|Any CPU
		{CB1BD59B-8D4C-4821-AB45-61579E049077}.Release|Any CPU.Build.0 = Release|Any CPU
		{783E43DA-A0E9-413C-8677-D16B89C42CE0}.Debug|Any CPU.ActiveCfg = Debug|Any CPU
		{783E43DA-A0E9-413C-8677-D16B89C42CE0}.Debug|Any CPU.Build.0 = Debug|Any CPU
		{783E43DA-A0E9-413C-8677-D16B89C42CE0}.Release|Any CPU.ActiveCfg = Release|Any CPU
		{783E43DA-A0E9-413C-8677-D16B89C42CE0}.Release|Any CPU.Build.0 = Release|Any CPU
		{65C81D54-23CD-4AF5-BF22-722AB6E8D91A}.Debug|Any CPU.ActiveCfg = Debug|Any CPU
		{65C81D54-23CD-4AF5-BF22-722AB6E8D91A}.Debug|Any CPU.Build.0 = Debug|Any CPU
		{65C81D54-23CD-4AF5-BF22-722AB6E8D91A}.Release|Any CPU.ActiveCfg = Release|Any CPU
		{65C81D54-23CD-4AF5-BF22-722AB6E8D91A}.Release|Any CPU.Build.0 = Release|Any CPU
		{94E49FB2-F316-4C2C-A02B-E1BD199072D7}.Debug|Any CPU.ActiveCfg = Debug|Any CPU
		{94E49FB2-F316-4C2C-A02B-E1BD199072D7}.Debug|Any CPU.Build.0 = Debug|Any CPU
		{94E49FB2-F316-4C2C-A02B-E1BD199072D7}.Release|Any CPU.ActiveCfg = Release|Any CPU
		{94E49FB2-F316-4C2C-A02B-E1BD199072D7}.Release|Any CPU.Build.0 = Release|Any CPU
	EndGlobalSection
	GlobalSection(SolutionProperties) = preSolution
		HideSolutionNode = FALSE
	EndGlobalSection
	GlobalSection(NestedProjects) = preSolution
		{AE9DD82E-603E-4D2D-BD2C-1CB2762AE23D} = {B46CADA2-8ADF-4345-93F9-55E1A2BF4E84}
		{7AC55E4E-F45E-466F-A08C-563888FBC0E2} = {B46CADA2-8ADF-4345-93F9-55E1A2BF4E84}
		{CB1BD59B-8D4C-4821-AB45-61579E049077} = {B46CADA2-8ADF-4345-93F9-55E1A2BF4E84}
		{783E43DA-A0E9-413C-8677-D16B89C42CE0} = {A0D0FD3F-27E2-46A8-9652-E7920263FFD7}
		{65C81D54-23CD-4AF5-BF22-722AB6E8D91A} = {A0D0FD3F-27E2-46A8-9652-E7920263FFD7}
		{94E49FB2-F316-4C2C-A02B-E1BD199072D7} = {A0D0FD3F-27E2-46A8-9652-E7920263FFD7}
	EndGlobalSection
	GlobalSection(ExtensibilityGlobals) = postSolution
		SolutionGuid = {762AE8C7-1225-4880-BD7E-D143AEB4DD8B}
	EndGlobalSection
EndGlobal
