
Microsoft Visual Studio Solution File, Format Version 12.00
# Visual Studio Version 16
VisualStudioVersion = 16.0.33927.289
MinimumVisualStudioVersion = 10.0.40219.1
Project("{2150E333-8FDC-42A3-9474-1A3956D46DE8}") = "Task0", "Task0", "{B46CADA2-8ADF-4345-93F9-55E1A2BF4E84}"
EndProject
Project("{FAE04EC0-301F-11D3-BF4B-00C04F79EFBC}") = "Tyuiu.IvanchikovDA.Sprint4.Task0.V20", "Tyuiu.IvanchikovDA.Sprint4.Task0.V20\Tyuiu.IvanchikovDA.Sprint4.Task0.V20.csproj", "{AE9DD82E-603E-4D2D-BD2C-1CB2762AE23D}"
EndProject
Project("{FAE04EC0-301F-11D3-BF4B-00C04F79EFBC}") = "Tyuiu.IvanchikovDA.Sprint4.Task0.V20.Lib", "Tyuiu.IvanchikovDA.Sprint4.Task0.V20.Lib\Tyuiu.IvanchikovDA.Sprint4.Task0.V20.Lib.csproj", "{7AC55E4E-F45E-466F-A08C-563888FBC0E2}"
EndProject
Project("{FAE04EC0-301F-11D3-BF4B-00C04F79EFBC}") = "Tyuiu.IvanchikovDA.Sprint4.Task0.V20.Test", "Tyuiu.IvanchikovDA.Sprint4.Task0.V20.Test\Tyuiu.IvanchikovDA.Sprint4.Task0.V20.Test.csproj", "{CB1BD59B-8D4C-4821-AB45-61579E049077}"
EndProject
Project("{2150E333-8FDC-42A3-9474-1A3956D46DE8}") = "Task1", "Task1", "{A0D0FD3F-27E2-46A8-9652-E7920263FFD7}"
EndProject
Project("{FAE04EC0-301F-11D3-BF4B-00C04F79EFBC}") = "Tyuiu.IvanchikovDA.Sprint4.Task1.V15", "Tyuiu.IvanchikovDA.Sprint4.Task1.V15\Tyuiu.IvanchikovDA.Sprint4.Task1.V15.csproj", "{783E43DA-A0E9-413C-8677-D16B89C42CE0}"
EndProject
Project("{FAE04EC0-301F-11D3-BF4B-00C04F79EFBC}") = "Tyuiu.IvanchikovDA.Sprint4.Task1.V15.Lib", "Tyuiu.IvanchikovDA.Sprint4.Task1.V15.Lib\Tyuiu.IvanchikovDA.Sprint4.Task1.V15.Lib.csproj", "{65C81D54-23CD-4AF5-BF22-722AB6E8D91A}"
EndProject
Project("{FAE04EC0-301F-11D3-BF4B-00C04F79EFBC}") = "Tyuiu.IvanchikovDA.Sprint4.Task1.V15.Test", "Tyuiu.IvanchikovDA.Sprint4.Task1.V15.Test\Tyuiu.IvanchikovDA.Sprint4.Task1.V15.Test.csproj", "{94E49FB2-F316-4C2C-A02B-E1BD199072D7}"
EndProject
Project("{2150E333-8FDC-42A3-9474-1A3956D46DE8}") = "Task2", "Task2", "{8B6676E9-BB03-4602-9A23-9675D5C8EAD8}"
EndProject
Project("{FAE04EC0-301F-11D3-BF4B-00C04F79EFBC}") = "Tyuiu.IvanchikovDA.Sprint4.Task2.V26", "Tyuiu.IvanchikovDA.Sprint4.Task2.V26\Tyuiu.IvanchikovDA.Sprint4.Task2.V26.csproj", "{2F7C85EB-1136-4602-81C1-894FFB4C6CBC}"
EndProject
Project("{FAE04EC0-301F-11D3-BF4B-00C04F79EFBC}") = "Tyuiu.IvanchikovDA.Sprint4.Task2.V26.Lib", "Tyuiu.IvanchikovDA.Sprint4.Task2.V26.Lib\Tyuiu.IvanchikovDA.Sprint4.Task2.V26.Lib.csproj", "{9012E8DB-259F-4760-95F3-30793CE7EA6C}"
EndProject
Project("{FAE04EC0-301F-11D3-BF4B-00C04F79EFBC}") = "Tyuiu.IvanchikovDA.Sprint4.Task2.V26.Test", "Tyuiu.IvanchikovDA.Sprint4.Task2.V26.Test\Tyuiu.IvanchikovDA.Sprint4.Task2.V26.Test.csproj", "{66251D4B-A40E-4DD7-B812-F20717C190E4}"
EndProject
Project("{2150E333-8FDC-42A3-9474-1A3956D46DE8}") = "Task3", "Task3", "{FCC1BC98-A40E-4321-BC06-0FE5F3A160D1}"
EndProject
Project("{FAE04EC0-301F-11D3-BF4B-00C04F79EFBC}") = "Tyuiu.IvanchikovDA.Sprint4.Task3.V22", "Tyuiu.IvanchikovDA.Sprint4.Task3.V22\Tyuiu.IvanchikovDA.Sprint4.Task3.V22.csproj", "{DA112FFE-59A2-4B3A-BAEC-C2584A5CDBB2}"
EndProject
Project("{FAE04EC0-301F-11D3-BF4B-00C04F79EFBC}") = "Tyuiu.IvanchikovDA.Sprint4.Task3.V22.Lib", "Tyuiu.IvanchikovDA.Sprint4.Task3.V22.Lib\Tyuiu.IvanchikovDA.Sprint4.Task3.V22.Lib.csproj", "{00DA30F5-5650-448A-99C3-C08015C3427B}"
EndProject
Project("{FAE04EC0-301F-11D3-BF4B-00C04F79EFBC}") = "Tyuiu.IvanchikovDA.Sprint4.Task3.V22.Test", "Tyuiu.IvanchikovDA.Sprint4.Task3.V22.Test\Tyuiu.IvanchikovDA.Sprint4.Task3.V22.Test.csproj", "{47B28AB1-C113-4BC7-87B4-D166384B41F9}"
EndProject
Project("{2150E333-8FDC-42A3-9474-1A3956D46DE8}") = "Task4", "Task4", "{D49DC460-7FB3-41BE-A592-98B91DFB7B5B}"
EndProject
Project("{FAE04EC0-301F-11D3-BF4B-00C04F79EFBC}") = "Tyuiu.IvanchikovDA.Sprint4.Task4.V25", "Tyuiu.IvanchikovDA.Sprint4.Task4.V25\Tyuiu.IvanchikovDA.Sprint4.Task4.V25.csproj", "{F904E6A2-ED82-4195-9671-F02650518F7E}"
EndProject
Project("{FAE04EC0-301F-11D3-BF4B-00C04F79EFBC}") = "Tyuiu.IvanchikovDA.Sprint4.Task4.V25.Lib", "Tyuiu.IvanchikovDA.Sprint4.Task4.V25.Lib\Tyuiu.IvanchikovDA.Sprint4.Task4.V25.Lib.csproj", "{C0AD3D1B-0901-4E71-9DC9-A05F5E9BFE28}"
EndProject
Project("{FAE04EC0-301F-11D3-BF4B-00C04F79EFBC}") = "Tyuiu.IvanchikovDA.Sprint4.Task4.V25.Test", "Tyuiu.IvanchikovDA.Sprint4.Task4.V25.Test\Tyuiu.IvanchikovDA.Sprint4.Task4.V25.Test.csproj", "{FB9A7865-89CD-49A5-AD28-4F672F3BA420}"
EndProject
Project("{2150E333-8FDC-42A3-9474-1A3956D46DE8}") = "Task5", "Task5", "{81D70E99-8CF9-4E86-89D0-10F2560B603D}"
EndProject
Project("{FAE04EC0-301F-11D3-BF4B-00C04F79EFBC}") = "Tyuiu.IvanchikovDA.Sprint4.Task5.V26", "Tyuiu.IvanchikovDA.Sprint4.Task5.V26\Tyuiu.IvanchikovDA.Sprint4.Task5.V26.csproj", "{AEC7F94C-6499-4E1D-820B-49F898BFFF8E}"
EndProject
Project("{FAE04EC0-301F-11D3-BF4B-00C04F79EFBC}") = "Tyuiu.IvanchikovDA.Sprint4.Task5.V26.Lib", "Tyuiu.IvanchikovDA.Sprint4.Task5.V26.Lib\Tyuiu.IvanchikovDA.Sprint4.Task5.V26.Lib.csproj", "{6384071B-6F4B-437A-9A33-FD963CA85AC0}"
EndProject
Project("{FAE04EC0-301F-11D3-BF4B-00C04F79EFBC}") = "Tyuiu.IvanchikovDA.Sprint4.Task5.V26.Test", "Tyuiu.IvanchikovDA.Sprint4.Task5.V26.Test\Tyuiu.IvanchikovDA.Sprint4.Task5.V26.Test.csproj", "{31D22200-2F0A-401D-A543-81BFD47B49E7}"
EndProject
Project("{2150E333-8FDC-42A3-9474-1A3956D46DE8}") = "Task6", "Task6", "{93825E5F-9626-4F81-B354-F7E57231DC36}"
EndProject
Project("{FAE04EC0-301F-11D3-BF4B-00C04F79EFBC}") = "Tyuiu.IvanchikovDA.Sprint4.Task6.V24", "Tyuiu.IvanchikovDA.Sprint4.Task6.V24\Tyuiu.IvanchikovDA.Sprint4.Task6.V24.csproj", "{14E2B013-3985-4037-93B1-A5DE67638D68}"
EndProject
Project("{FAE04EC0-301F-11D3-BF4B-00C04F79EFBC}") = "Tyuiu.IvanchikovDA.Sprint4.Task6.V24.Lib", "Tyuiu.IvanchikovDA.Sprint4.Task6.V24.Lib\Tyuiu.IvanchikovDA.Sprint4.Task6.V24.Lib.csproj", "{758163EC-F1A1-4461-A1F3-D206856734CA}"
EndProject
Project("{FAE04EC0-301F-11D3-BF4B-00C04F79EFBC}") = "Tyuiu.IvanchikovDA.Sprint4.Task6.V24.Test", "Tyuiu.IvanchikovDA.Sprint4.Task6.V24.Test\Tyuiu.IvanchikovDA.Sprint4.Task6.V24.Test.csproj", "{51BFB28F-8B6F-4CC6-BB9B-35A24E1EF90E}"
EndProject
Project("{2150E333-8FDC-42A3-9474-1A3956D46DE8}") = "Task7", "Task7", "{656D7FC6-2184-4C02-88D8-1F692EFAE7AE}"
EndProject
Project("{FAE04EC0-301F-11D3-BF4B-00C04F79EFBC}") = "Tyuiu.IvanchikovDA.Sprint4.Task7.V21", "Tyuiu.IvanchikovDA.Sprint4.Task7.V21\Tyuiu.IvanchikovDA.Sprint4.Task7.V21.csproj", "{F1E0E23C-463A-49EF-B95C-C1ABEFDAB960}"
EndProject
Project("{FAE04EC0-301F-11D3-BF4B-00C04F79EFBC}") = "Tyuiu.IvanchikovDA.Sprint4.Task7.V21.Lib", "Tyuiu.IvanchikovDA.Sprint4.Task7.V21.Lib\Tyuiu.IvanchikovDA.Sprint4.Task7.V21.Lib.csproj", "{2F5CE0E1-5DCE-4B8B-9DF6-2CD115BB01B8}"
EndProject
Project("{FAE04EC0-301F-11D3-BF4B-00C04F79EFBC}") = "Tyuiu.IvanchikovDA.Sprint4.Task7.V21.Test", "Tyuiu.IvanchikovDA.Sprint4.Task7.V21.Test\Tyuiu.IvanchikovDA.Sprint4.Task7.V21.Test.csproj", "{C9E71436-D880-4FFC-8FB6-66A12D05D712}"
EndProject
Global
	GlobalSection(SolutionConfigurationPlatforms) = preSolution
		Debug|Any CPU = Debug|Any CPU
		Release|Any CPU = Release|Any CPU
	EndGlobalSection
	GlobalSection(ProjectConfigurationPlatforms) = postSolution
		{AE9DD82E-603E-4D2D-BD2C-1CB2762AE23D}.Debug|Any CPU.ActiveCfg = Debug|Any CPU
		{AE9DD82E-603E-4D2D-BD2C-1CB2762AE23D}.Debug|Any CPU.Build.0 = Debug|Any CPU
		{AE9DD82E-603E-4D2D-BD2C-1CB2762AE23D}.Release|Any CPU.ActiveCfg = Release|Any CPU
		{AE9DD82E-603E-4D2D-BD2C-1CB2762AE23D}.Release|Any CPU.Build.0 = Release|Any CPU
		{7AC55E4E-F45E-466F-A08C-563888FBC0E2}.Debug|Any CPU.ActiveCfg = Debug|Any CPU
		{7AC55E4E-F45E-466F-A08C-563888FBC0E2}.Debug|Any CPU.Build.0 = Debug|Any CPU
		{7AC55E4E-F45E-466F-A08C-563888FBC0E2}.Release|Any CPU.ActiveCfg = Release|Any CPU
		{7AC55E4E-F45E-466F-A08C-563888FBC0E2}.Release|Any CPU.Build.0 = Release|Any CPU
		{CB1BD59B-8D4C-4821-AB45-61579E049077}.Debug|Any CPU.ActiveCfg = Debug|Any CPU
		{CB1BD59B-8D4C-4821-AB45-61579E049077}.Debug|Any CPU.Build.0 = Debug|Any CPU
		{CB1BD59B-8D4C-4821-AB45-61579E049077}.Release|Any CPU.ActiveCfg = Release|Any CPU
		{CB1BD59B-8D4C-4821-AB45-61579E049077}.Release|Any CPU.Build.0 = Release|Any CPU
		{783E43DA-A0E9-413C-8677-D16B89C42CE0}.Debug|Any CPU.ActiveCfg = Debug|Any CPU
		{783E43DA-A0E9-413C-8677-D16B89C42CE0}.Debug|Any CPU.Build.0 = Debug|Any CPU
		{783E43DA-A0E9-413C-8677-D16B89C42CE0}.Release|Any CPU.ActiveCfg = Release|Any CPU
		{783E43DA-A0E9-413C-8677-D16B89C42CE0}.Release|Any CPU.Build.0 = Release|Any CPU
		{65C81D54-23CD-4AF5-BF22-722AB6E8D91A}.Debug|Any CPU.ActiveCfg = Debug|Any CPU
		{65C81D54-23CD-4AF5-BF22-722AB6E8D91A}.Debug|Any CPU.Build.0 = Debug|Any CPU
		{65C81D54-23CD-4AF5-BF22-722AB6E8D91A}.Release|Any CPU.ActiveCfg = Release|Any CPU
		{65C81D54-23CD-4AF5-BF22-722AB6E8D91A}.Release|Any CPU.Build.0 = Release|Any CPU
		{94E49FB2-F316-4C2C-A02B-E1BD199072D7}.Debug|Any CPU.ActiveCfg = Debug|Any CPU
		{94E49FB2-F316-4C2C-A02B-E1BD199072D7}.Debug|Any CPU.Build.0 = Debug|Any CPU
		{94E49FB2-F316-4C2C-A02B-E1BD199072D7}.Release|Any CPU.ActiveCfg = Release|Any CPU
		{94E49FB2-F316-4C2C-A02B-E1BD199072D7}.Release|Any CPU.Build.0 = Release|Any CPU
		{2F7C85EB-1136-4602-81C1-894FFB4C6CBC}.Debug|Any CPU.ActiveCfg = Debug|Any CPU
		{2F7C85EB-1136-4602-81C1-894FFB4C6CBC}.Debug|Any CPU.Build.0 = Debug|Any CPU
		{2F7C85EB-1136-4602-81C1-894FFB4C6CBC}.Release|Any CPU.ActiveCfg = Release|Any CPU
		{2F7C85EB-1136-4602-81C1-894FFB4C6CBC}.Release|Any CPU.Build.0 = Release|Any CPU
		{9012E8DB-259F-4760-95F3-30793CE7EA6C}.Debug|Any CPU.ActiveCfg = Debug|Any CPU
		{9012E8DB-259F-4760-95F3-30793CE7EA6C}.Debug|Any CPU.Build.0 = Debug|Any CPU
		{9012E8DB-259F-4760-95F3-30793CE7EA6C}.Release|Any CPU.ActiveCfg = Release|Any CPU
		{9012E8DB-259F-4760-95F3-30793CE7EA6C}.Release|Any CPU.Build.0 = Release|Any CPU
		{66251D4B-A40E-4DD7-B812-F20717C190E4}.Debug|Any CPU.ActiveCfg = Debug|Any CPU
		{66251D4B-A40E-4DD7-B812-F20717C190E4}.Debug|Any CPU.Build.0 = Debug|Any CPU
		{66251D4B-A40E-4DD7-B812-F20717C190E4}.Release|Any CPU.ActiveCfg = Release|Any CPU
		{66251D4B-A40E-4DD7-B812-F20717C190E4}.Release|Any CPU.Build.0 = Release|Any CPU
		{DA112FFE-59A2-4B3A-BAEC-C2584A5CDBB2}.Debug|Any CPU.ActiveCfg = Debug|Any CPU
		{DA112FFE-59A2-4B3A-BAEC-C2584A5CDBB2}.Debug|Any CPU.Build.0 = Debug|Any CPU
		{DA112FFE-59A2-4B3A-BAEC-C2584A5CDBB2}.Release|Any CPU.ActiveCfg = Release|Any CPU
		{DA112FFE-59A2-4B3A-BAEC-C2584A5CDBB2}.Release|Any CPU.Build.0 = Release|Any CPU
		{00DA30F5-5650-448A-99C3-C08015C3427B}.Debug|Any CPU.ActiveCfg = Debug|Any CPU
		{00DA30F5-5650-448A-99C3-C08015C3427B}.Debug|Any CPU.Build.0 = Debug|Any CPU
		{00DA30F5-5650-448A-99C3-C08015C3427B}.Release|Any CPU.ActiveCfg = Release|Any CPU
		{00DA30F5-5650-448A-99C3-C08015C3427B}.Release|Any CPU.Build.0 = Release|Any CPU
		{47B28AB1-C113-4BC7-87B4-D166384B41F9}.Debug|Any CPU.ActiveCfg = Debug|Any CPU
		{47B28AB1-C113-4BC7-87B4-D166384B41F9}.Debug|Any CPU.Build.0 = Debug|Any CPU
		{47B28AB1-C113-4BC7-87B4-D166384B41F9}.Release|Any CPU.ActiveCfg = Release|Any CPU
		{47B28AB1-C113-4BC7-87B4-D166384B41F9}.Release|Any CPU.Build.0 = Release|Any CPU
		{F904E6A2-ED82-4195-9671-F02650518F7E}.Debug|Any CPU.ActiveCfg = Debug|Any CPU
		{F904E6A2-ED82-4195-9671-F02650518F7E}.Debug|Any CPU.Build.0 = Debug|Any CPU
		{F904E6A2-ED82-4195-9671-F02650518F7E}.Release|Any CPU.ActiveCfg = Release|Any CPU
		{F904E6A2-ED82-4195-9671-F02650518F7E}.Release|Any CPU.Build.0 = Release|Any CPU
		{C0AD3D1B-0901-4E71-9DC9-A05F5E9BFE28}.Debug|Any CPU.ActiveCfg = Debug|Any CPU
		{C0AD3D1B-0901-4E71-9DC9-A05F5E9BFE28}.Debug|Any CPU.Build.0 = Debug|Any CPU
		{C0AD3D1B-0901-4E71-9DC9-A05F5E9BFE28}.Release|Any CPU.ActiveCfg = Release|Any CPU
		{C0AD3D1B-0901-4E71-9DC9-A05F5E9BFE28}.Release|Any CPU.Build.0 = Release|Any CPU
		{FB9A7865-89CD-49A5-AD28-4F672F3BA420}.Debug|Any CPU.ActiveCfg = Debug|Any CPU
		{FB9A7865-89CD-49A5-AD28-4F672F3BA420}.Debug|Any CPU.Build.0 = Debug|Any CPU
		{FB9A7865-89CD-49A5-AD28-4F672F3BA420}.Release|Any CPU.ActiveCfg = Release|Any CPU
		{FB9A7865-89CD-49A5-AD28-4F672F3BA420}.Release|Any CPU.Build.0 = Release|Any CPU
		{AEC7F94C-6499-4E1D-820B-49F898BFFF8E}.Debug|Any CPU.ActiveCfg = Debug|Any CPU
		{AEC7F94C-6499-4E1D-820B-49F898BFFF8E}.Debug|Any CPU.Build.0 = Debug|Any CPU
		{AEC7F94C-6499-4E1D-820B-49F898BFFF8E}.Release|Any CPU.ActiveCfg = Release|Any CPU
		{AEC7F94C-6499-4E1D-820B-49F898BFFF8E}.Release|Any CPU.Build.0 = Release|Any CPU
		{6384071B-6F4B-437A-9A33-FD963CA85AC0}.Debug|Any CPU.ActiveCfg = Debug|Any CPU
		{6384071B-6F4B-437A-9A33-FD963CA85AC0}.Debug|Any CPU.Build.0 = Debug|Any CPU
		{6384071B-6F4B-437A-9A33-FD963CA85AC0}.Release|Any CPU.ActiveCfg = Release|Any CPU
		{6384071B-6F4B-437A-9A33-FD963CA85AC0}.Release|Any CPU.Build.0 = Release|Any CPU
		{31D22200-2F0A-401D-A543-81BFD47B49E7}.Debug|Any CPU.ActiveCfg = Debug|Any CPU
		{31D22200-2F0A-401D-A543-81BFD47B49E7}.Debug|Any CPU.Build.0 = Debug|Any CPU
		{31D22200-2F0A-401D-A543-81BFD47B49E7}.Release|Any CPU.ActiveCfg = Release|Any CPU
		{31D22200-2F0A-401D-A543-81BFD47B49E7}.Release|Any CPU.Build.0 = Release|Any CPU
		{14E2B013-3985-4037-93B1-A5DE67638D68}.Debug|Any CPU.ActiveCfg = Debug|Any CPU
		{14E2B013-3985-4037-93B1-A5DE67638D68}.Debug|Any CPU.Build.0 = Debug|Any CPU
		{14E2B013-3985-4037-93B1-A5DE67638D68}.Release|Any CPU.ActiveCfg = Release|Any CPU
		{14E2B013-3985-4037-93B1-A5DE67638D68}.Release|Any CPU.Build.0 = Release|Any CPU
		{758163EC-F1A1-4461-A1F3-D206856734CA}.Debug|Any CPU.ActiveCfg = Debug|Any CPU
		{758163EC-F1A1-4461-A1F3-D206856734CA}.Debug|Any CPU.Build.0 = Debug|Any CPU
		{758163EC-F1A1-4461-A1F3-D206856734CA}.Release|Any CPU.ActiveCfg = Release|Any CPU
		{758163EC-F1A1-4461-A1F3-D206856734CA}.Release|Any CPU.Build.0 = Release|Any CPU
		{51BFB28F-8B6F-4CC6-BB9B-35A24E1EF90E}.Debug|Any CPU.ActiveCfg = Debug|Any CPU
		{51BFB28F-8B6F-4CC6-BB9B-35A24E1EF90E}.Debug|Any CPU.Build.0 = Debug|Any CPU
		{51BFB28F-8B6F-4CC6-BB9B-35A24E1EF90E}.Release|Any CPU.ActiveCfg = Release|Any CPU
		{51BFB28F-8B6F-4CC6-BB9B-35A24E1EF90E}.Release|Any CPU.Build.0 = Release|Any CPU
		{F1E0E23C-463A-49EF-B95C-C1ABEFDAB960}.Debug|Any CPU.ActiveCfg = Debug|Any CPU
		{F1E0E23C-463A-49EF-B95C-C1ABEFDAB960}.Debug|Any CPU.Build.0 = Debug|Any CPU
		{F1E0E23C-463A-49EF-B95C-C1ABEFDAB960}.Release|Any CPU.ActiveCfg = Release|Any CPU
		{F1E0E23C-463A-49EF-B95C-C1ABEFDAB960}.Release|Any CPU.Build.0 = Release|Any CPU
		{2F5CE0E1-5DCE-4B8B-9DF6-2CD115BB01B8}.Debug|Any CPU.ActiveCfg = Debug|Any CPU
		{2F5CE0E1-5DCE-4B8B-9DF6-2CD115BB01B8}.Debug|Any CPU.Build.0 = Debug|Any CPU
		{2F5CE0E1-5DCE-4B8B-9DF6-2CD115BB01B8}.Release|Any CPU.ActiveCfg = Release|Any CPU
		{2F5CE0E1-5DCE-4B8B-9DF6-2CD115BB01B8}.Release|Any CPU.Build.0 = Release|Any CPU
		{C9E71436-D880-4FFC-8FB6-66A12D05D712}.Debug|Any CPU.ActiveCfg = Debug|Any CPU
		{C9E71436-D880-4FFC-8FB6-66A12D05D712}.Debug|Any CPU.Build.0 = Debug|Any CPU
		{C9E71436-D880-4FFC-8FB6-66A12D05D712}.Release|Any CPU.ActiveCfg = Release|Any CPU
		{C9E71436-D880-4FFC-8FB6-66A12D05D712}.Release|Any CPU.Build.0 = Release|Any CPU
	EndGlobalSection
	GlobalSection(SolutionProperties) = preSolution
		HideSolutionNode = FALSE
	EndGlobalSection
	GlobalSection(NestedProjects) = preSolution
		{AE9DD82E-603E-4D2D-BD2C-1CB2762AE23D} = {B46CADA2-8ADF-4345-93F9-55E1A2BF4E84}
		{7AC55E4E-F45E-466F-A08C-563888FBC0E2} = {B46CADA2-8ADF-4345-93F9-55E1A2BF4E84}
		{CB1BD59B-8D4C-4821-AB45-61579E049077} = {B46CADA2-8ADF-4345-93F9-55E1A2BF4E84}
		{783E43DA-A0E9-413C-8677-D16B89C42CE0} = {A0D0FD3F-27E2-46A8-9652-E7920263FFD7}
		{65C81D54-23CD-4AF5-BF22-722AB6E8D91A} = {A0D0FD3F-27E2-46A8-9652-E7920263FFD7}
		{94E49FB2-F316-4C2C-A02B-E1BD199072D7} = {A0D0FD3F-27E2-46A8-9652-E7920263FFD7}
		{2F7C85EB-1136-4602-81C1-894FFB4C6CBC} = {8B6676E9-BB03-4602-9A23-9675D5C8EAD8}
		{9012E8DB-259F-4760-95F3-30793CE7EA6C} = {8B6676E9-BB03-4602-9A23-9675D5C8EAD8}
		{66251D4B-A40E-4DD7-B812-F20717C190E4} = {8B6676E9-BB03-4602-9A23-9675D5C8EAD8}
		{DA112FFE-59A2-4B3A-BAEC-C2584A5CDBB2} = {FCC1BC98-A40E-4321-BC06-0FE5F3A160D1}
		{00DA30F5-5650-448A-99C3-C08015C3427B} = {FCC1BC98-A40E-4321-BC06-0FE5F3A160D1}
		{47B28AB1-C113-4BC7-87B4-D166384B41F9} = {FCC1BC98-A40E-4321-BC06-0FE5F3A160D1}
		{F904E6A2-ED82-4195-9671-F02650518F7E} = {D49DC460-7FB3-41BE-A592-98B91DFB7B5B}
		{C0AD3D1B-0901-4E71-9DC9-A05F5E9BFE28} = {D49DC460-7FB3-41BE-A592-98B91DFB7B5B}
		{FB9A7865-89CD-49A5-AD28-4F672F3BA420} = {D49DC460-7FB3-41BE-A592-98B91DFB7B5B}
		{AEC7F94C-6499-4E1D-820B-49F898BFFF8E} = {81D70E99-8CF9-4E86-89D0-10F2560B603D}
		{6384071B-6F4B-437A-9A33-FD963CA85AC0} = {81D70E99-8CF9-4E86-89D0-10F2560B603D}
		{31D22200-2F0A-401D-A543-81BFD47B49E7} = {81D70E99-8CF9-4E86-89D0-10F2560B603D}
		{14E2B013-3985-4037-93B1-A5DE67638D68} = {93825E5F-9626-4F81-B354-F7E57231DC36}
		{758163EC-F1A1-4461-A1F3-D206856734CA} = {93825E5F-9626-4F81-B354-F7E57231DC36}
		{51BFB28F-8B6F-4CC6-BB9B-35A24E1EF90E} = {93825E5F-9626-4F81-B354-F7E57231DC36}
		{F1E0E23C-463A-49EF-B95C-C1ABEFDAB960} = {656D7FC6-2184-4C02-88D8-1F692EFAE7AE}
		{2F5CE0E1-5DCE-4B8B-9DF6-2CD115BB01B8} = {656D7FC6-2184-4C02-88D8-1F692EFAE7AE}
		{C9E71436-D880-4FFC-8FB6-66A12D05D712} = {656D7FC6-2184-4C02-88D8-1F692EFAE7AE}
	EndGlobalSection
	GlobalSection(ExtensibilityGlobals) = postSolution
		SolutionGuid = {762AE8C7-1225-4880-BD7E-D143AEB4DD8B}
	EndGlobalSection
EndGlobal
